{
  "pins" : [
    {
      "identity" : "swiftp2pconnector",
      "kind" : "remoteSourceControl",
      "location" : "https://github.com/dantoso/SwiftP2PConnector.git",
      "state" : {
        "branch" : "main",
        "revision" : "eab5819cad90f0f524808d1d80a811550174388b"
      }
    }
  ],
  "version" : 2
}
