// !$*UTF8*$!
{
	archiveVersion = 1;
	classes = {
	};
	objectVersion = 55;
	objects = {

/* Begin PBXBuildFile section */
		FB4643EC282EDE42004470D2 /* ScoreLabelNode.swift in Sources */ = {isa = PBXBuildFile; fileRef = FB4643EB282EDE42004470D2 /* ScoreLabelNode.swift */; };
		FB65F31B282DDE3100C75BCB /* ContactHandler.swift in Sources */ = {isa = PBXBuildFile; fileRef = FB65F31A282DDE3100C75BCB /* ContactHandler.swift */; };
		FB9E7176282AF635008FBFD0 /* AppDelegate.swift in Sources */ = {isa = PBXBuildFile; fileRef = FB9E7175282AF635008FBFD0 /* AppDelegate.swift */; };
		FB9E717C282AF635008FBFD0 /* GameScene.swift in Sources */ = {isa = PBXBuildFile; fileRef = FB9E717B282AF635008FBFD0 /* GameScene.swift */; };
		FB9E717E282AF635008FBFD0 /* GameViewController.swift in Sources */ = {isa = PBXBuildFile; fileRef = FB9E717D282AF635008FBFD0 /* GameViewController.swift */; };
		FB9E7183282AF637008FBFD0 /* Assets.xcassets in Resources */ = {isa = PBXBuildFile; fileRef = FB9E7182282AF637008FBFD0 /* Assets.xcassets */; };
		FB9E7186282AF637008FBFD0 /* LaunchScreen.storyboard in Resources */ = {isa = PBXBuildFile; fileRef = FB9E7184282AF637008FBFD0 /* LaunchScreen.storyboard */; };
		FB9EC5F1282D32FB008FF216 /* P2P.swift in Sources */ = {isa = PBXBuildFile; fileRef = FB9EC5F0282D32FB008FF216 /* P2P.swift */; };
		FB9F39F0282C29400064F202 /* Constants.swift in Sources */ = {isa = PBXBuildFile; fileRef = FB9F39EF282C29400064F202 /* Constants.swift */; };
		FB9F39F2282C3C0F0064F202 /* Joystick.swift in Sources */ = {isa = PBXBuildFile; fileRef = FB9F39F1282C3C0F0064F202 /* Joystick.swift */; };
/* End PBXBuildFile section */

/* Begin PBXFileReference section */
		FB4643EB282EDE42004470D2 /* ScoreLabelNode.swift */ = {isa = PBXFileReference; lastKnownFileType = sourcecode.swift; path = ScoreLabelNode.swift; sourceTree = "<group>"; };
		FB65F31A282DDE3100C75BCB /* ContactHandler.swift */ = {isa = PBXFileReference; lastKnownFileType = sourcecode.swift; path = ContactHandler.swift; sourceTree = "<group>"; };
		FB9E7172282AF635008FBFD0 /* tvGame.app */ = {isa = PBXFileReference; explicitFileType = wrapper.application; includeInIndex = 0; path = tvGame.app; sourceTree = BUILT_PRODUCTS_DIR; };
		FB9E7175282AF635008FBFD0 /* AppDelegate.swift */ = {isa = PBXFileReference; lastKnownFileType = sourcecode.swift; path = AppDelegate.swift; sourceTree = "<group>"; };
		FB9E717B282AF635008FBFD0 /* GameScene.swift */ = {isa = PBXFileReference; lastKnownFileType = sourcecode.swift; path = GameScene.swift; sourceTree = "<group>"; };
		FB9E717D282AF635008FBFD0 /* GameViewController.swift */ = {isa = PBXFileReference; lastKnownFileType = sourcecode.swift; path = GameViewController.swift; sourceTree = "<group>"; };
		FB9E7182282AF637008FBFD0 /* Assets.xcassets */ = {isa = PBXFileReference; lastKnownFileType = folder.assetcatalog; path = Assets.xcassets; sourceTree = "<group>"; };
		FB9E7185282AF637008FBFD0 /* Base */ = {isa = PBXFileReference; lastKnownFileType = file.storyboard; name = Base; path = Base.lproj/LaunchScreen.storyboard; sourceTree = "<group>"; };
		FB9EC5F0282D32FB008FF216 /* P2P.swift */ = {isa = PBXFileReference; lastKnownFileType = sourcecode.swift; path = P2P.swift; sourceTree = "<group>"; };
		FB9EC5F2282D3B1B008FF216 /* Info.plist */ = {isa = PBXFileReference; lastKnownFileType = text.plist; path = Info.plist; sourceTree = "<group>"; };
		FB9F39EF282C29400064F202 /* Constants.swift */ = {isa = PBXFileReference; lastKnownFileType = sourcecode.swift; path = Constants.swift; sourceTree = "<group>"; };
		FB9F39F1282C3C0F0064F202 /* Joystick.swift */ = {isa = PBXFileReference; lastKnownFileType = sourcecode.swift; path = Joystick.swift; sourceTree = "<group>"; };
/* End PBXFileReference section */

/* Begin PBXFrameworksBuildPhase section */
		FB9E716F282AF635008FBFD0 /* Frameworks */ = {
			isa = PBXFrameworksBuildPhase;
			buildActionMask = 2147483647;
			files = (
			);
			runOnlyForDeploymentPostprocessing = 0;
		};
/* End PBXFrameworksBuildPhase section */

/* Begin PBXGroup section */
		FB9E7169282AF635008FBFD0 = {
			isa = PBXGroup;
			children = (
				FB9E7174282AF635008FBFD0 /* tvGame */,
				FB9E7173282AF635008FBFD0 /* Products */,
			);
			sourceTree = "<group>";
		};
		FB9E7173282AF635008FBFD0 /* Products */ = {
			isa = PBXGroup;
			children = (
				FB9E7172282AF635008FBFD0 /* tvGame.app */,
			);
			name = Products;
			sourceTree = "<group>";
		};
		FB9E7174282AF635008FBFD0 /* tvGame */ = {
			isa = PBXGroup;
			children = (
				FB9EC5F2282D3B1B008FF216 /* Info.plist */,
				FB9F39EF282C29400064F202 /* Constants.swift */,
				FB9E7175282AF635008FBFD0 /* AppDelegate.swift */,
				FBF82B95282D8A8300F7FA05 /* GameStuff */,
				FBF82B96282D8A9800F7FA05 /* Controller */,
				FB9E7182282AF637008FBFD0 /* Assets.xcassets */,
				FB9E7184282AF637008FBFD0 /* LaunchScreen.storyboard */,
			);
			path = tvGame;
			sourceTree = "<group>";
		};
		FBF82B95282D8A8300F7FA05 /* GameStuff */ = {
			isa = PBXGroup;
			children = (
				FB9E717B282AF635008FBFD0 /* GameScene.swift */,
				FB4643EB282EDE42004470D2 /* ScoreLabelNode.swift */,
				FB65F31A282DDE3100C75BCB /* ContactHandler.swift */,
				FB9F39F1282C3C0F0064F202 /* Joystick.swift */,
			);
			path = GameStuff;
			sourceTree = "<group>";
		};
		FBF82B96282D8A9800F7FA05 /* Controller */ = {
			isa = PBXGroup;
			children = (
				FB9E717D282AF635008FBFD0 /* GameViewController.swift */,
				FB9EC5F0282D32FB008FF216 /* P2P.swift */,
			);
			path = Controller;
			sourceTree = "<group>";
		};
/* End PBXGroup section */

/* Begin PBXNativeTarget section */
		FB9E7171282AF635008FBFD0 /* tvGame */ = {
			isa = PBXNativeTarget;
			buildConfigurationList = FB9E7189282AF637008FBFD0 /* Build configuration list for PBXNativeTarget "tvGame" */;
			buildPhases = (
				FB9E716E282AF635008FBFD0 /* Sources */,
				FB9E716F282AF635008FBFD0 /* Frameworks */,
				FB9E7170282AF635008FBFD0 /* Resources */,
			);
			buildRules = (
			);
			dependencies = (
			);
			name = tvGame;
			productName = tvGame;
			productReference = FB9E7172282AF635008FBFD0 /* tvGame.app */;
			productType = "com.apple.product-type.application";
		};
/* End PBXNativeTarget section */

/* Begin PBXProject section */
		FB9E716A282AF635008FBFD0 /* Project object */ = {
			isa = PBXProject;
			attributes = {
				BuildIndependentTargetsInParallel = 1;
				LastSwiftUpdateCheck = 1320;
				LastUpgradeCheck = 1320;
				TargetAttributes = {
					FB9E7171282AF635008FBFD0 = {
						CreatedOnToolsVersion = 13.2.1;
					};
				};
			};
			buildConfigurationList = FB9E716D282AF635008FBFD0 /* Build configuration list for PBXProject "tvGame" */;
			compatibilityVersion = "Xcode 13.0";
			developmentRegion = en;
			hasScannedForEncodings = 0;
			knownRegions = (
				en,
				Base,
			);
			mainGroup = FB9E7169282AF635008FBFD0;
			productRefGroup = FB9E7173282AF635008FBFD0 /* Products */;
			projectDirPath = "";
			projectRoot = "";
			targets = (
				FB9E7171282AF635008FBFD0 /* tvGame */,
			);
		};
/* End PBXProject section */

/* Begin PBXResourcesBuildPhase section */
		FB9E7170282AF635008FBFD0 /* Resources */ = {
			isa = PBXResourcesBuildPhase;
			buildActionMask = 2147483647;
			files = (
				FB9E7183282AF637008FBFD0 /* Assets.xcassets in Resources */,
				FB9E7186282AF637008FBFD0 /* LaunchScreen.storyboard in Resources */,
			);
			runOnlyForDeploymentPostprocessing = 0;
		};
/* End PBXResourcesBuildPhase section */

/* Begin PBXSourcesBuildPhase section */
		FB9E716E282AF635008FBFD0 /* Sources */ = {
			isa = PBXSourcesBuildPhase;
			buildActionMask = 2147483647;
			files = (
				FB9F39F2282C3C0F0064F202 /* Joystick.swift in Sources */,
				FB4643EC282EDE42004470D2 /* ScoreLabelNode.swift in Sources */,
				FB9E717C282AF635008FBFD0 /* GameScene.swift in Sources */,
				FB9EC5F1282D32FB008FF216 /* P2P.swift in Sources */,
				FB65F31B282DDE3100C75BCB /* ContactHandler.swift in Sources */,
				FB9E717E282AF635008FBFD0 /* GameViewController.swift in Sources */,
				FB9F39F0282C29400064F202 /* Constants.swift in Sources */,
				FB9E7176282AF635008FBFD0 /* AppDelegate.swift in Sources */,
			);
			runOnlyForDeploymentPostprocessing = 0;
		};
/* End PBXSourcesBuildPhase section */

/* Begin PBXVariantGroup section */
		FB9E7184282AF637008FBFD0 /* LaunchScreen.storyboard */ = {
			isa = PBXVariantGroup;
			children = (
				FB9E7185282AF637008FBFD0 /* Base */,
			);
			name = LaunchScreen.storyboard;
			sourceTree = "<group>";
		};
/* End PBXVariantGroup section */

/* Begin XCBuildConfiguration section */
		FB9E7187282AF637008FBFD0 /* Debug */ = {
			isa = XCBuildConfiguration;
			buildSettings = {
				ALWAYS_SEARCH_USER_PATHS = NO;
				CLANG_ANALYZER_NONNULL = YES;
				CLANG_ANALYZER_NUMBER_OBJECT_CONVERSION = YES_AGGRESSIVE;
				CLANG_CXX_LANGUAGE_STANDARD = "gnu++17";
				CLANG_CXX_LIBRARY = "libc++";
				CLANG_ENABLE_MODULES = YES;
				CLANG_ENABLE_OBJC_ARC = YES;
				CLANG_ENABLE_OBJC_WEAK = YES;
				CLANG_WARN_BLOCK_CAPTURE_AUTORELEASING = YES;
				CLANG_WARN_BOOL_CONVERSION = YES;
				CLANG_WARN_COMMA = YES;
				CLANG_WARN_CONSTANT_CONVERSION = YES;
				CLANG_WARN_DEPRECATED_OBJC_IMPLEMENTATIONS = YES;
				CLANG_WARN_DIRECT_OBJC_ISA_USAGE = YES_ERROR;
				CLANG_WARN_DOCUMENTATION_COMMENTS = YES;
				CLANG_WARN_EMPTY_BODY = YES;
				CLANG_WARN_ENUM_CONVERSION = YES;
				CLANG_WARN_INFINITE_RECURSION = YES;
				CLANG_WARN_INT_CONVERSION = YES;
				CLANG_WARN_NON_LITERAL_NULL_CONVERSION = YES;
				CLANG_WARN_OBJC_IMPLICIT_RETAIN_SELF = YES;
				CLANG_WARN_OBJC_LITERAL_CONVERSION = YES;
				CLANG_WARN_OBJC_ROOT_CLASS = YES_ERROR;
				CLANG_WARN_QUOTED_INCLUDE_IN_FRAMEWORK_HEADER = YES;
				CLANG_WARN_RANGE_LOOP_ANALYSIS = YES;
				CLANG_WARN_STRICT_PROTOTYPES = YES;
				CLANG_WARN_SUSPICIOUS_MOVE = YES;
				CLANG_WARN_UNGUARDED_AVAILABILITY = YES_AGGRESSIVE;
				CLANG_WARN_UNREACHABLE_CODE = YES;
				CLANG_WARN__DUPLICATE_METHOD_MATCH = YES;
				COPY_PHASE_STRIP = NO;
				DEBUG_INFORMATION_FORMAT = dwarf;
				ENABLE_STRICT_OBJC_MSGSEND = YES;
				ENABLE_TESTABILITY = YES;
				GCC_C_LANGUAGE_STANDARD = gnu11;
				GCC_DYNAMIC_NO_PIC = NO;
				GCC_NO_COMMON_BLOCKS = YES;
				GCC_OPTIMIZATION_LEVEL = 0;
				GCC_PREPROCESSOR_DEFINITIONS = (
					"DEBUG=1",
					"$(inherited)",
				);
				GCC_WARN_64_TO_32_BIT_CONVERSION = YES;
				GCC_WARN_ABOUT_RETURN_TYPE = YES_ERROR;
				GCC_WARN_UNDECLARED_SELECTOR = YES;
				GCC_WARN_UNINITIALIZED_AUTOS = YES_AGGRESSIVE;
				GCC_WARN_UNUSED_FUNCTION = YES;
				GCC_WARN_UNUSED_VARIABLE = YES;
				MTL_ENABLE_DEBUG_INFO = INCLUDE_SOURCE;
				MTL_FAST_MATH = YES;
				ONLY_ACTIVE_ARCH = YES;
				SDKROOT = appletvos;
				SWIFT_ACTIVE_COMPILATION_CONDITIONS = DEBUG;
				SWIFT_OPTIMIZATION_LEVEL = "-Onone";
				TVOS_DEPLOYMENT_TARGET = 15.2;
			};
			name = Debug;
		};
		FB9E7188282AF637008FBFD0 /* Release */ = {
			isa = XCBuildConfiguration;
			buildSettings = {
				ALWAYS_SEARCH_USER_PATHS = NO;
				CLANG_ANALYZER_NONNULL = YES;
				CLANG_ANALYZER_NUMBER_OBJECT_CONVERSION = YES_AGGRESSIVE;
				CLANG_CXX_LANGUAGE_STANDARD = "gnu++17";
				CLANG_CXX_LIBRARY = "libc++";
				CLANG_ENABLE_MODULES = YES;
				CLANG_ENABLE_OBJC_ARC = YES;
				CLANG_ENABLE_OBJC_WEAK = YES;
				CLANG_WARN_BLOCK_CAPTURE_AUTORELEASING = YES;
				CLANG_WARN_BOOL_CONVERSION = YES;
				CLANG_WARN_COMMA = YES;
				CLANG_WARN_CONSTANT_CONVERSION = YES;
				CLANG_WARN_DEPRECATED_OBJC_IMPLEMENTATIONS = YES;
				CLANG_WARN_DIRECT_OBJC_ISA_USAGE = YES_ERROR;
				CLANG_WARN_DOCUMENTATION_COMMENTS = YES;
				CLANG_WARN_EMPTY_BODY = YES;
				CLANG_WARN_ENUM_CONVERSION = YES;
				CLANG_WARN_INFINITE_RECURSION = YES;
				CLANG_WARN_INT_CONVERSION = YES;
				CLANG_WARN_NON_LITERAL_NULL_CONVERSION = YES;
				CLANG_WARN_OBJC_IMPLICIT_RETAIN_SELF = YES;
				CLANG_WARN_OBJC_LITERAL_CONVERSION = YES;
				CLANG_WARN_OBJC_ROOT_CLASS = YES_ERROR;
				CLANG_WARN_QUOTED_INCLUDE_IN_FRAMEWORK_HEADER = YES;
				CLANG_WARN_RANGE_LOOP_ANALYSIS = YES;
				CLANG_WARN_STRICT_PROTOTYPES = YES;
				CLANG_WARN_SUSPICIOUS_MOVE = YES;
				CLANG_WARN_UNGUARDED_AVAILABILITY = YES_AGGRESSIVE;
				CLANG_WARN_UNREACHABLE_CODE = YES;
				CLANG_WARN__DUPLICATE_METHOD_MATCH = YES;
				COPY_PHASE_STRIP = NO;
				DEBUG_INFORMATION_FORMAT = "dwarf-with-dsym";
				ENABLE_NS_ASSERTIONS = NO;
				ENABLE_STRICT_OBJC_MSGSEND = YES;
				GCC_C_LANGUAGE_STANDARD = gnu11;
				GCC_NO_COMMON_BLOCKS = YES;
				GCC_WARN_64_TO_32_BIT_CONVERSION = YES;
				GCC_WARN_ABOUT_RETURN_TYPE = YES_ERROR;
				GCC_WARN_UNDECLARED_SELECTOR = YES;
				GCC_WARN_UNINITIALIZED_AUTOS = YES_AGGRESSIVE;
				GCC_WARN_UNUSED_FUNCTION = YES;
				GCC_WARN_UNUSED_VARIABLE = YES;
				MTL_ENABLE_DEBUG_INFO = NO;
				MTL_FAST_MATH = YES;
				SDKROOT = appletvos;
				SWIFT_COMPILATION_MODE = wholemodule;
				SWIFT_OPTIMIZATION_LEVEL = "-O";
				TVOS_DEPLOYMENT_TARGET = 15.2;
				VALIDATE_PRODUCT = YES;
			};
			name = Release;
		};
		FB9E718A282AF637008FBFD0 /* Debug */ = {
			isa = XCBuildConfiguration;
			buildSettings = {
				ASSETCATALOG_COMPILER_APPICON_NAME = "App Icon & Top Shelf Image";
				ASSETCATALOG_COMPILER_GLOBAL_ACCENT_COLOR_NAME = AccentColor;
				CODE_SIGN_STYLE = Automatic;
				CURRENT_PROJECT_VERSION = 1;
				DEVELOPMENT_TEAM = Y7F52ZVSDT;
				GENERATE_INFOPLIST_FILE = YES;
				INFOPLIST_FILE = tvGame/Info.plist;
				INFOPLIST_KEY_UILaunchStoryboardName = LaunchScreen;
				INFOPLIST_KEY_UIUserInterfaceStyle = Automatic;
				LD_RUNPATH_SEARCH_PATHS = (
					"$(inherited)",
					"@executable_path/Frameworks",
				);
				MARKETING_VERSION = 1.0;
				PRODUCT_BUNDLE_IDENTIFIER = "eu-ne.tvGame";
				PRODUCT_NAME = "$(TARGET_NAME)";
				SWIFT_EMIT_LOC_STRINGS = YES;
				SWIFT_VERSION = 5.0;
				TARGETED_DEVICE_FAMILY = 3;
			};
			name = Debug;
		};
		FB9E718B282AF637008FBFD0 /* Release */ = {
			isa = XCBuildConfiguration;
			buildSettings = {
				ASSETCATALOG_COMPILER_APPICON_NAME = "App Icon & Top Shelf Image";
				ASSETCATALOG_COMPILER_GLOBAL_ACCENT_COLOR_NAME = AccentColor;
				CODE_SIGN_STYLE = Automatic;
				CURRENT_PROJECT_VERSION = 1;
				DEVELOPMENT_TEAM = Y7F52ZVSDT;
				GENERATE_INFOPLIST_FILE = YES;
				INFOPLIST_FILE = tvGame/Info.plist;
				INFOPLIST_KEY_UILaunchStoryboardName = LaunchScreen;
				INFOPLIST_KEY_UIUserInterfaceStyle = Automatic;
				LD_RUNPATH_SEARCH_PATHS = (
					"$(inherited)",
					"@executable_path/Frameworks",
				);
				MARKETING_VERSION = 1.0;
				PRODUCT_BUNDLE_IDENTIFIER = "eu-ne.tvGame";
				PRODUCT_NAME = "$(TARGET_NAME)";
				SWIFT_EMIT_LOC_STRINGS = YES;
				SWIFT_VERSION = 5.0;
				TARGETED_DEVICE_FAMILY = 3;
			};
			name = Release;
		};
/* End XCBuildConfiguration section */

/* Begin XCConfigurationList section */
		FB9E716D282AF635008FBFD0 /* Build configuration list for PBXProject "tvGame" */ = {
			isa = XCConfigurationList;
			buildConfigurations = (
				FB9E7187282AF637008FBFD0 /* Debug */,
				FB9E7188282AF637008FBFD0 /* Release */,
			);
			defaultConfigurationIsVisible = 0;
			defaultConfigurationName = Release;
		};
		FB9E7189282AF637008FBFD0 /* Build configuration list for PBXNativeTarget "tvGame" */ = {
			isa = XCConfigurationList;
			buildConfigurations = (
				FB9E718A282AF637008FBFD0 /* Debug */,
				FB9E718B282AF637008FBFD0 /* Release */,
			);
			defaultConfigurationIsVisible = 0;
			defaultConfigurationName = Release;
		};
/* End XCConfigurationList section */
	};
	rootObject = FB9E716A282AF635008FBFD0 /* Project object */;
}
